// !$*UTF8*$!
{
	archiveVersion = 1;
	classes = {
	};
	objectVersion = 46;
	objects = {

/* Begin PBXBuildFile section */
		1A98906F1B61CF7200F0FEF0 /* main.m in Sources */ = {isa = PBXBuildFile; fileRef = 1A98906E1B61CF7200F0FEF0 /* main.m */; };
		1A9890721B61CF7200F0FEF0 /* AppDelegate.m in Sources */ = {isa = PBXBuildFile; fileRef = 1A9890711B61CF7200F0FEF0 /* AppDelegate.m */; };
		1A98907A1B61CF7200F0FEF0 /* Images.xcassets in Resources */ = {isa = PBXBuildFile; fileRef = 1A9890791B61CF7200F0FEF0 /* Images.xcassets */; };
		1A98907D1B61CF7200F0FEF0 /* LaunchScreen.xib in Resources */ = {isa = PBXBuildFile; fileRef = 1A98907B1B61CF7200F0FEF0 /* LaunchScreen.xib */; };
		1A9890891B61CF7200F0FEF0 /* UICollectionVCTests.m in Sources */ = {isa = PBXBuildFile; fileRef = 1A9890881B61CF7200F0FEF0 /* UICollectionVCTests.m */; };
		1A9890941B61CFC900F0FEF0 /* HHZViewController.m in Sources */ = {isa = PBXBuildFile; fileRef = 1A9890931B61CFC900F0FEF0 /* HHZViewController.m */; };
		1A9890971B61D3C900F0FEF0 /* HHZCollectionViewCell.m in Sources */ = {isa = PBXBuildFile; fileRef = 1A9890961B61D3C900F0FEF0 /* HHZCollectionViewCell.m */; };
		1A98909E1B6204AE00F0FEF0 /* queen.png in Resources */ = {isa = PBXBuildFile; fileRef = 1A98909D1B6204AE00F0FEF0 /* queen.png */; };
		1A9890A81B620C2E00F0FEF0 /* 1.png in Resources */ = {isa = PBXBuildFile; fileRef = 1A9890A01B620C2E00F0FEF0 /* 1.png */; };
		1A9890A91B620C2E00F0FEF0 /* 2.png in Resources */ = {isa = PBXBuildFile; fileRef = 1A9890A11B620C2E00F0FEF0 /* 2.png */; };
		1A9890AA1B620C2E00F0FEF0 /* 3.png in Resources */ = {isa = PBXBuildFile; fileRef = 1A9890A21B620C2E00F0FEF0 /* 3.png */; };
		1A9890AB1B620C2E00F0FEF0 /* 4.png in Resources */ = {isa = PBXBuildFile; fileRef = 1A9890A31B620C2E00F0FEF0 /* 4.png */; };
		1A9890AC1B620C2E00F0FEF0 /* 5.png in Resources */ = {isa = PBXBuildFile; fileRef = 1A9890A41B620C2E00F0FEF0 /* 5.png */; };
		1A9890AD1B620C2E00F0FEF0 /* 6.png in Resources */ = {isa = PBXBuildFile; fileRef = 1A9890A51B620C2E00F0FEF0 /* 6.png */; };
		1A9890AE1B620C2E00F0FEF0 /* 7.png in Resources */ = {isa = PBXBuildFile; fileRef = 1A9890A61B620C2E00F0FEF0 /* 7.png */; };
		1A9890AF1B620C2E00F0FEF0 /* 8.png in Resources */ = {isa = PBXBuildFile; fileRef = 1A9890A71B620C2E00F0FEF0 /* 8.png */; };
		1A9890B21B620CB000F0FEF0 /* HHZScrollView.m in Sources */ = {isa = PBXBuildFile; fileRef = 1A9890B11B620CB000F0FEF0 /* HHZScrollView.m */; };
/* End PBXBuildFile section */

/* Begin PBXContainerItemProxy section */
		1A9890831B61CF7200F0FEF0 /* PBXContainerItemProxy */ = {
			isa = PBXContainerItemProxy;
			containerPortal = 1A9890611B61CF7200F0FEF0 /* Project object */;
			proxyType = 1;
			remoteGlobalIDString = 1A9890681B61CF7200F0FEF0;
			remoteInfo = UICollectionVC;
		};
/* End PBXContainerItemProxy section */

/* Begin PBXFileReference section */
		1A9890691B61CF7200F0FEF0 /* UICollectionVC.app */ = {isa = PBXFileReference; explicitFileType = wrapper.application; includeInIndex = 0; path = UICollectionVC.app; sourceTree = BUILT_PRODUCTS_DIR; };
		1A98906D1B61CF7200F0FEF0 /* Info.plist */ = {isa = PBXFileReference; lastKnownFileType = text.plist.xml; path = Info.plist; sourceTree = "<group>"; };
		1A98906E1B61CF7200F0FEF0 /* main.m */ = {isa = PBXFileReference; lastKnownFileType = sourcecode.c.objc; path = main.m; sourceTree = "<group>"; };
		1A9890701B61CF7200F0FEF0 /* AppDelegate.h */ = {isa = PBXFileReference; lastKnownFileType = sourcecode.c.h; path = AppDelegate.h; sourceTree = "<group>"; };
		1A9890711B61CF7200F0FEF0 /* AppDelegate.m */ = {isa = PBXFileReference; lastKnownFileType = sourcecode.c.objc; path = AppDelegate.m; sourceTree = "<group>"; };
		1A9890791B61CF7200F0FEF0 /* Images.xcassets */ = {isa = PBXFileReference; lastKnownFileType = folder.assetcatalog; path = Images.xcassets; sourceTree = "<group>"; };
		1A98907C1B61CF7200F0FEF0 /* Base */ = {isa = PBXFileReference; lastKnownFileType = file.xib; name = Base; path = Base.lproj/LaunchScreen.xib; sourceTree = "<group>"; };
		1A9890821B61CF7200F0FEF0 /* UICollectionVCTests.xctest */ = {isa = PBXFileReference; explicitFileType = wrapper.cfbundle; includeInIndex = 0; path = UICollectionVCTests.xctest; sourceTree = BUILT_PRODUCTS_DIR; };
		1A9890871B61CF7200F0FEF0 /* Info.plist */ = {isa = PBXFileReference; lastKnownFileType = text.plist.xml; path = Info.plist; sourceTree = "<group>"; };
		1A9890881B61CF7200F0FEF0 /* UICollectionVCTests.m */ = {isa = PBXFileReference; lastKnownFileType = sourcecode.c.objc; path = UICollectionVCTests.m; sourceTree = "<group>"; };
		1A9890921B61CFC900F0FEF0 /* HHZViewController.h */ = {isa = PBXFileReference; fileEncoding = 4; lastKnownFileType = sourcecode.c.h; path = HHZViewController.h; sourceTree = "<group>"; };
		1A9890931B61CFC900F0FEF0 /* HHZViewController.m */ = {isa = PBXFileReference; fileEncoding = 4; lastKnownFileType = sourcecode.c.objc; path = HHZViewController.m; sourceTree = "<group>"; };
		1A9890951B61D3C900F0FEF0 /* HHZCollectionViewCell.h */ = {isa = PBXFileReference; fileEncoding = 4; lastKnownFileType = sourcecode.c.h; path = HHZCollectionViewCell.h; sourceTree = "<group>"; };
		1A9890961B61D3C900F0FEF0 /* HHZCollectionViewCell.m */ = {isa = PBXFileReference; fileEncoding = 4; lastKnownFileType = sourcecode.c.objc; path = HHZCollectionViewCell.m; sourceTree = "<group>"; };
		1A98909D1B6204AE00F0FEF0 /* queen.png */ = {isa = PBXFileReference; lastKnownFileType = image.png; path = queen.png; sourceTree = "<group>"; };
		1A9890A01B620C2E00F0FEF0 /* 1.png */ = {isa = PBXFileReference; lastKnownFileType = image.png; path = 1.png; sourceTree = "<group>"; };
		1A9890A11B620C2E00F0FEF0 /* 2.png */ = {isa = PBXFileReference; lastKnownFileType = image.png; path = 2.png; sourceTree = "<group>"; };
		1A9890A21B620C2E00F0FEF0 /* 3.png */ = {isa = PBXFileReference; lastKnownFileType = image.png; path = 3.png; sourceTree = "<group>"; };
		1A9890A31B620C2E00F0FEF0 /* 4.png */ = {isa = PBXFileReference; lastKnownFileType = image.png; path = 4.png; sourceTree = "<group>"; };
		1A9890A41B620C2E00F0FEF0 /* 5.png */ = {isa = PBXFileReference; lastKnownFileType = image.png; path = 5.png; sourceTree = "<group>"; };
		1A9890A51B620C2E00F0FEF0 /* 6.png */ = {isa = PBXFileReference; lastKnownFileType = image.png; path = 6.png; sourceTree = "<group>"; };
		1A9890A61B620C2E00F0FEF0 /* 7.png */ = {isa = PBXFileReference; lastKnownFileType = image.png; path = 7.png; sourceTree = "<group>"; };
		1A9890A71B620C2E00F0FEF0 /* 8.png */ = {isa = PBXFileReference; lastKnownFileType = image.png; path = 8.png; sourceTree = "<group>"; };
		1A9890B01B620CB000F0FEF0 /* HHZScrollView.h */ = {isa = PBXFileReference; fileEncoding = 4; lastKnownFileType = sourcecode.c.h; path = HHZScrollView.h; sourceTree = "<group>"; };
		1A9890B11B620CB000F0FEF0 /* HHZScrollView.m */ = {isa = PBXFileReference; fileEncoding = 4; lastKnownFileType = sourcecode.c.objc; path = HHZScrollView.m; sourceTree = "<group>"; };
/* End PBXFileReference section */

/* Begin PBXFrameworksBuildPhase section */
		1A9890661B61CF7200F0FEF0 /* Frameworks */ = {
			isa = PBXFrameworksBuildPhase;
			buildActionMask = 2147483647;
			files = (
			);
			runOnlyForDeploymentPostprocessing = 0;
		};
		1A98907F1B61CF7200F0FEF0 /* Frameworks */ = {
			isa = PBXFrameworksBuildPhase;
			buildActionMask = 2147483647;
			files = (
			);
			runOnlyForDeploymentPostprocessing = 0;
		};
/* End PBXFrameworksBuildPhase section */

/* Begin PBXGroup section */
		1A9890601B61CF7200F0FEF0 = {
			isa = PBXGroup;
			children = (
				1A98906B1B61CF7200F0FEF0 /* UICollectionVC */,
				1A9890851B61CF7200F0FEF0 /* UICollectionVCTests */,
				1A98906A1B61CF7200F0FEF0 /* Products */,
			);
			sourceTree = "<group>";
		};
		1A98906A1B61CF7200F0FEF0 /* Products */ = {
			isa = PBXGroup;
			children = (
				1A9890691B61CF7200F0FEF0 /* UICollectionVC.app */,
				1A9890821B61CF7200F0FEF0 /* UICollectionVCTests.xctest */,
			);
			name = Products;
			sourceTree = "<group>";
		};
		1A98906B1B61CF7200F0FEF0 /* UICollectionVC */ = {
			isa = PBXGroup;
			children = (
				1A98909F1B6209FC00F0FEF0 /* Image */,
				1A9890701B61CF7200F0FEF0 /* AppDelegate.h */,
				1A9890711B61CF7200F0FEF0 /* AppDelegate.m */,
				1A9890921B61CFC900F0FEF0 /* HHZViewController.h */,
				1A9890931B61CFC900F0FEF0 /* HHZViewController.m */,
				1A9890951B61D3C900F0FEF0 /* HHZCollectionViewCell.h */,
				1A9890961B61D3C900F0FEF0 /* HHZCollectionViewCell.m */,
				1A9890791B61CF7200F0FEF0 /* Images.xcassets */,
				1A98907B1B61CF7200F0FEF0 /* LaunchScreen.xib */,
				1A98906C1B61CF7200F0FEF0 /* Supporting Files */,
				1A9890B01B620CB000F0FEF0 /* HHZScrollView.h */,
				1A9890B11B620CB000F0FEF0 /* HHZScrollView.m */,
			);
			path = UICollectionVC;
			sourceTree = "<group>";
		};
		1A98906C1B61CF7200F0FEF0 /* Supporting Files */ = {
			isa = PBXGroup;
			children = (
				1A98906D1B61CF7200F0FEF0 /* Info.plist */,
				1A98906E1B61CF7200F0FEF0 /* main.m */,
			);
			name = "Supporting Files";
			sourceTree = "<group>";
		};
		1A9890851B61CF7200F0FEF0 /* UICollectionVCTests */ = {
			isa = PBXGroup;
			children = (
				1A9890881B61CF7200F0FEF0 /* UICollectionVCTests.m */,
				1A9890861B61CF7200F0FEF0 /* Supporting Files */,
			);
			path = UICollectionVCTests;
			sourceTree = "<group>";
		};
		1A9890861B61CF7200F0FEF0 /* Supporting Files */ = {
			isa = PBXGroup;
			children = (
				1A9890871B61CF7200F0FEF0 /* Info.plist */,
			);
			name = "Supporting Files";
			sourceTree = "<group>";
		};
		1A98909F1B6209FC00F0FEF0 /* Image */ = {
			isa = PBXGroup;
			children = (
				1A9890A01B620C2E00F0FEF0 /* 1.png */,
				1A9890A11B620C2E00F0FEF0 /* 2.png */,
				1A9890A21B620C2E00F0FEF0 /* 3.png */,
				1A9890A31B620C2E00F0FEF0 /* 4.png */,
				1A9890A41B620C2E00F0FEF0 /* 5.png */,
				1A9890A51B620C2E00F0FEF0 /* 6.png */,
				1A9890A61B620C2E00F0FEF0 /* 7.png */,
				1A9890A71B620C2E00F0FEF0 /* 8.png */,
				1A98909D1B6204AE00F0FEF0 /* queen.png */,
			);
			name = Image;
			sourceTree = "<group>";
		};
/* End PBXGroup section */

/* Begin PBXNativeTarget section */
		1A9890681B61CF7200F0FEF0 /* UICollectionVC */ = {
			isa = PBXNativeTarget;
			buildConfigurationList = 1A98908C1B61CF7200F0FEF0 /* Build configuration list for PBXNativeTarget "UICollectionVC" */;
			buildPhases = (
				1A9890651B61CF7200F0FEF0 /* Sources */,
				1A9890661B61CF7200F0FEF0 /* Frameworks */,
				1A9890671B61CF7200F0FEF0 /* Resources */,
			);
			buildRules = (
			);
			dependencies = (
			);
			name = UICollectionVC;
			productName = UICollectionVC;
			productReference = 1A9890691B61CF7200F0FEF0 /* UICollectionVC.app */;
			productType = "com.apple.product-type.application";
		};
		1A9890811B61CF7200F0FEF0 /* UICollectionVCTests */ = {
			isa = PBXNativeTarget;
			buildConfigurationList = 1A98908F1B61CF7200F0FEF0 /* Build configuration list for PBXNativeTarget "UICollectionVCTests" */;
			buildPhases = (
				1A98907E1B61CF7200F0FEF0 /* Sources */,
				1A98907F1B61CF7200F0FEF0 /* Frameworks */,
				1A9890801B61CF7200F0FEF0 /* Resources */,
			);
			buildRules = (
			);
			dependencies = (
				1A9890841B61CF7200F0FEF0 /* PBXTargetDependency */,
			);
			name = UICollectionVCTests;
			productName = UICollectionVCTests;
			productReference = 1A9890821B61CF7200F0FEF0 /* UICollectionVCTests.xctest */;
			productType = "com.apple.product-type.bundle.unit-test";
		};
/* End PBXNativeTarget section */

/* Begin PBXProject section */
		1A9890611B61CF7200F0FEF0 /* Project object */ = {
			isa = PBXProject;
			attributes = {
				LastUpgradeCheck = 0640;
				ORGANIZATIONNAME = HHZ;
				TargetAttributes = {
					1A9890681B61CF7200F0FEF0 = {
						CreatedOnToolsVersion = 6.4;
					};
					1A9890811B61CF7200F0FEF0 = {
						CreatedOnToolsVersion = 6.4;
						TestTargetID = 1A9890681B61CF7200F0FEF0;
					};
				};
			};
			buildConfigurationList = 1A9890641B61CF7200F0FEF0 /* Build configuration list for PBXProject "UICollectionVC" */;
			compatibilityVersion = "Xcode 3.2";
			developmentRegion = English;
			hasScannedForEncodings = 0;
			knownRegions = (
				en,
				Base,
			);
			mainGroup = 1A9890601B61CF7200F0FEF0;
			productRefGroup = 1A98906A1B61CF7200F0FEF0 /* Products */;
			projectDirPath = "";
			projectRoot = "";
			targets = (
				1A9890681B61CF7200F0FEF0 /* UICollectionVC */,
				1A9890811B61CF7200F0FEF0 /* UICollectionVCTests */,
			);
		};
/* End PBXProject section */

/* Begin PBXResourcesBuildPhase section */
		1A9890671B61CF7200F0FEF0 /* Resources */ = {
			isa = PBXResourcesBuildPhase;
			buildActionMask = 2147483647;
			files = (
				1A9890AF1B620C2E00F0FEF0 /* 8.png in Resources */,
				1A98907D1B61CF7200F0FEF0 /* LaunchScreen.xib in Resources */,
				1A9890AB1B620C2E00F0FEF0 /* 4.png in Resources */,
				1A9890A81B620C2E00F0FEF0 /* 1.png in Resources */,
				1A9890AD1B620C2E00F0FEF0 /* 6.png in Resources */,
				1A9890A91B620C2E00F0FEF0 /* 2.png in Resources */,
				1A9890AA1B620C2E00F0FEF0 /* 3.png in Resources */,
				1A9890AC1B620C2E00F0FEF0 /* 5.png in Resources */,
				1A9890AE1B620C2E00F0FEF0 /* 7.png in Resources */,
				1A98909E1B6204AE00F0FEF0 /* queen.png in Resources */,
				1A98907A1B61CF7200F0FEF0 /* Images.xcassets in Resources */,
			);
			runOnlyForDeploymentPostprocessing = 0;
		};
		1A9890801B61CF7200F0FEF0 /* Resources */ = {
			isa = PBXResourcesBuildPhase;
			buildActionMask = 2147483647;
			files = (
			);
			runOnlyForDeploymentPostprocessing = 0;
		};
/* End PBXResourcesBuildPhase section */

/* Begin PBXSourcesBuildPhase section */
		1A9890651B61CF7200F0FEF0 /* Sources */ = {
			isa = PBXSourcesBuildPhase;
			buildActionMask = 2147483647;
			files = (
				1A9890941B61CFC900F0FEF0 /* HHZViewController.m in Sources */,
				1A9890721B61CF7200F0FEF0 /* AppDelegate.m in Sources */,
				1A9890B21B620CB000F0FEF0 /* HHZScrollView.m in Sources */,
				1A98906F1B61CF7200F0FEF0 /* main.m in Sources */,
				1A9890971B61D3C900F0FEF0 /* HHZCollectionViewCell.m in Sources */,
			);
			runOnlyForDeploymentPostprocessing = 0;
		};
		1A98907E1B61CF7200F0FEF0 /* Sources */ = {
			isa = PBXSourcesBuildPhase;
			buildActionMask = 2147483647;
			files = (
				1A9890891B61CF7200F0FEF0 /* UICollectionVCTests.m in Sources */,
			);
			runOnlyForDeploymentPostprocessing = 0;
		};
/* End PBXSourcesBuildPhase section */

/* Begin PBXTargetDependency section */
		1A9890841B61CF7200F0FEF0 /* PBXTargetDependency */ = {
			isa = PBXTargetDependency;
			target = 1A9890681B61CF7200F0FEF0 /* UICollectionVC */;
			targetProxy = 1A9890831B61CF7200F0FEF0 /* PBXContainerItemProxy */;
		};
/* End PBXTargetDependency section */

/* Begin PBXVariantGroup section */
		1A98907B1B61CF7200F0FEF0 /* LaunchScreen.xib */ = {
			isa = PBXVariantGroup;
			children = (
				1A98907C1B61CF7200F0FEF0 /* Base */,
			);
			name = LaunchScreen.xib;
			sourceTree = "<group>";
		};
/* End PBXVariantGroup section */

/* Begin XCBuildConfiguration section */
		1A98908A1B61CF7200F0FEF0 /* Debug */ = {
			isa = XCBuildConfiguration;
			buildSettings = {
				ALWAYS_SEARCH_USER_PATHS = NO;
				CLANG_CXX_LANGUAGE_STANDARD = "gnu++0x";
				CLANG_CXX_LIBRARY = "libc++";
				CLANG_ENABLE_MODULES = YES;
				CLANG_ENABLE_OBJC_ARC = YES;
				CLANG_WARN_BOOL_CONVERSION = YES;
				CLANG_WARN_CONSTANT_CONVERSION = YES;
				CLANG_WARN_DIRECT_OBJC_ISA_USAGE = YES_ERROR;
				CLANG_WARN_EMPTY_BODY = YES;
				CLANG_WARN_ENUM_CONVERSION = YES;
				CLANG_WARN_INT_CONVERSION = YES;
				CLANG_WARN_OBJC_ROOT_CLASS = YES_ERROR;
				CLANG_WARN_UNREACHABLE_CODE = YES;
				CLANG_WARN__DUPLICATE_METHOD_MATCH = YES;
				"CODE_SIGN_IDENTITY[sdk=iphoneos*]" = "iPhone Developer";
				COPY_PHASE_STRIP = NO;
				DEBUG_INFORMATION_FORMAT = "dwarf-with-dsym";
				ENABLE_STRICT_OBJC_MSGSEND = YES;
				GCC_C_LANGUAGE_STANDARD = gnu99;
				GCC_DYNAMIC_NO_PIC = NO;
				GCC_NO_COMMON_BLOCKS = YES;
				GCC_OPTIMIZATION_LEVEL = 0;
				GCC_PREPROCESSOR_DEFINITIONS = (
					"DEBUG=1",
					"$(inherited)",
				);
				GCC_SYMBOLS_PRIVATE_EXTERN = NO;
				GCC_WARN_64_TO_32_BIT_CONVERSION = YES;
				GCC_WARN_ABOUT_RETURN_TYPE = YES_ERROR;
				GCC_WARN_UNDECLARED_SELECTOR = YES;
				GCC_WARN_UNINITIALIZED_AUTOS = YES_AGGRESSIVE;
				GCC_WARN_UNUSED_FUNCTION = YES;
				GCC_WARN_UNUSED_VARIABLE = YES;
				IPHONEOS_DEPLOYMENT_TARGET = 8.4;
				MTL_ENABLE_DEBUG_INFO = YES;
				ONLY_ACTIVE_ARCH = YES;
				SDKROOT = iphoneos;
			};
			name = Debug;
		};
		1A98908B1B61CF7200F0FEF0 /* Release */ = {
			isa = XCBuildConfiguration;
			buildSettings = {
				ALWAYS_SEARCH_USER_PATHS = NO;
				CLANG_CXX_LANGUAGE_STANDARD = "gnu++0x";
				CLANG_CXX_LIBRARY = "libc++";
				CLANG_ENABLE_MODULES = YES;
				CLANG_ENABLE_OBJC_ARC = YES;
				CLANG_WARN_BOOL_CONVERSION = YES;
				CLANG_WARN_CONSTANT_CONVERSION = YES;
				CLANG_WARN_DIRECT_OBJC_ISA_USAGE = YES_ERROR;
				CLANG_WARN_EMPTY_BODY = YES;
				CLANG_WARN_ENUM_CONVERSION = YES;
				CLANG_WARN_INT_CONVERSION = YES;
				CLANG_WARN_OBJC_ROOT_CLASS = YES_ERROR;
				CLANG_WARN_UNREACHABLE_CODE = YES;
				CLANG_WARN__DUPLICATE_METHOD_MATCH = YES;
				"CODE_SIGN_IDENTITY[sdk=iphoneos*]" = "iPhone Developer";
				COPY_PHASE_STRIP = NO;
				DEBUG_INFORMATION_FORMAT = "dwarf-with-dsym";
				ENABLE_NS_ASSERTIONS = NO;
				ENABLE_STRICT_OBJC_MSGSEND = YES;
				GCC_C_LANGUAGE_STANDARD = gnu99;
				GCC_NO_COMMON_BLOCKS = YES;
				GCC_WARN_64_TO_32_BIT_CONVERSION = YES;
				GCC_WARN_ABOUT_RETURN_TYPE = YES_ERROR;
				GCC_WARN_UNDECLARED_SELECTOR = YES;
				GCC_WARN_UNINITIALIZED_AUTOS = YES_AGGRESSIVE;
				GCC_WARN_UNUSED_FUNCTION = YES;
				GCC_WARN_UNUSED_VARIABLE = YES;
				IPHONEOS_DEPLOYMENT_TARGET = 8.4;
				MTL_ENABLE_DEBUG_INFO = NO;
				SDKROOT = iphoneos;
				VALIDATE_PRODUCT = YES;
			};
			name = Release;
		};
		1A98908D1B61CF7200F0FEF0 /* Debug */ = {
			isa = XCBuildConfiguration;
			buildSettings = {
				ASSETCATALOG_COMPILER_APPICON_NAME = AppIcon;
				INFOPLIST_FILE = UICollectionVC/Info.plist;
				LD_RUNPATH_SEARCH_PATHS = "$(inherited) @executable_path/Frameworks";
				PRODUCT_NAME = "$(TARGET_NAME)";
			};
			name = Debug;
		};
		1A98908E1B61CF7200F0FEF0 /* Release */ = {
			isa = XCBuildConfiguration;
			buildSettings = {
				ASSETCATALOG_COMPILER_APPICON_NAME = AppIcon;
				INFOPLIST_FILE = UICollectionVC/Info.plist;
				LD_RUNPATH_SEARCH_PATHS = "$(inherited) @executable_path/Frameworks";
				PRODUCT_NAME = "$(TARGET_NAME)";
			};
			name = Release;
		};
		1A9890901B61CF7200F0FEF0 /* Debug */ = {
			isa = XCBuildConfiguration;
			buildSettings = {
				BUNDLE_LOADER = "$(TEST_HOST)";
				FRAMEWORK_SEARCH_PATHS = (
					"$(SDKROOT)/Developer/Library/Frameworks",
					"$(inherited)",
				);
				GCC_PREPROCESSOR_DEFINITIONS = (
					"DEBUG=1",
					"$(inherited)",
				);
				INFOPLIST_FILE = UICollectionVCTests/Info.plist;
				LD_RUNPATH_SEARCH_PATHS = "$(inherited) @executable_path/Frameworks @loader_path/Frameworks";
				PRODUCT_NAME = "$(TARGET_NAME)";
				TEST_HOST = "$(BUILT_PRODUCTS_DIR)/UICollectionVC.app/UICollectionVC";
			};
			name = Debug;
		};
		1A9890911B61CF7200F0FEF0 /* Release */ = {
			isa = XCBuildConfiguration;
			buildSettings = {
				BUNDLE_LOADER = "$(TEST_HOST)";
				FRAMEWORK_SEARCH_PATHS = (
					"$(SDKROOT)/Developer/Library/Frameworks",
					"$(inherited)",
				);
				INFOPLIST_FILE = UICollectionVCTests/Info.plist;
				LD_RUNPATH_SEARCH_PATHS = "$(inherited) @executable_path/Frameworks @loader_path/Frameworks";
				PRODUCT_NAME = "$(TARGET_NAME)";
				TEST_HOST = "$(BUILT_PRODUCTS_DIR)/UICollectionVC.app/UICollectionVC";
			};
			name = Release;
		};
/* End XCBuildConfiguration section */

/* Begin XCConfigurationList section */
		1A9890641B61CF7200F0FEF0 /* Build configuration list for PBXProject "UICollectionVC" */ = {
			isa = XCConfigurationList;
			buildConfigurations = (
				1A98908A1B61CF7200F0FEF0 /* Debug */,
				1A98908B1B61CF7200F0FEF0 /* Release */,
			);
			defaultConfigurationIsVisible = 0;
			defaultConfigurationName = Release;
		};
		1A98908C1B61CF7200F0FEF0 /* Build configuration list for PBXNativeTarget "UICollectionVC" */ = {
			isa = XCConfigurationList;
			buildConfigurations = (
				1A98908D1B61CF7200F0FEF0 /* Debug */,
				1A98908E1B61CF7200F0FEF0 /* Release */,
			);
			defaultConfigurationIsVisible = 0;
		};
		1A98908F1B61CF7200F0FEF0 /* Build configuration list for PBXNativeTarget "UICollectionVCTests" */ = {
			isa = XCConfigurationList;
			buildConfigurations = (
				1A9890901B61CF7200F0FEF0 /* Debug */,
				1A9890911B61CF7200F0FEF0 /* Release */,
			);
			defaultConfigurationIsVisible = 0;
		};
/* End XCConfigurationList section */
	};
	rootObject = 1A9890611B61CF7200F0FEF0 /* Project object */;
}
